
Microsoft Visual Studio Solution File, Format Version 12.00
# Visual Studio Version 17
VisualStudioVersion = 17.0.31903.59
MinimumVisualStudioVersion = 10.0.40219.1
Project("{9A19103F-16F7-4668-BE54-9A1E7A4F7556}") = "Eirin.Domain", "src\Eirin.Domain\Eirin.Domain.csproj", "{A77B3157-99EC-4E3E-A17B-2E7C0AE401EE}"
EndProject
Project("{9A19103F-16F7-4668-BE54-9A1E7A4F7556}") = "Eirin.UseCase", "src\Eirin.UseCase\Eirin.UseCase.csproj", "{8CC856F9-6608-4649-9EE0-80686A255C49}"
EndProject
Project("{9A19103F-16F7-4668-BE54-9A1E7A4F7556}") = "Eirin.Test", "src\Eirin.Test\Eirin.Test.csproj", "{9EE4D28E-AFBA-4D15-852D-B442B0019770}"
EndProject
Project("{9A19103F-16F7-4668-BE54-9A1E7A4F7556}") = "Eirin.Infrastructure", "src\Eirin.Infrastructure\Eirin.Infrastructure.csproj", "{E8C9FA80-E845-4801-823E-6487620A209E}"
EndProject
Project("{9A19103F-16F7-4668-BE54-9A1E7A4F7556}") = "Eirin.FirebaseInfrastructure", "src\Eirin.FirebaseInfrastructure\Eirin.FirebaseInfrastructure.csproj", "{FED51CB6-035F-4B9E-B741-50ADF5BD29D8}"
EndProject
Project("{2150E333-8FDC-42A3-9474-1A3956D46DE8}") = "Presentation", "Presentation", "{0C36F6FE-36D2-4E72-93EB-70FE0438B26B}"
EndProject
Project("{9A19103F-16F7-4668-BE54-9A1E7A4F7556}") = "Eirin.Client", "src\Eirin.Client\Eirin.Client.csproj", "{93701C13-8CAA-440C-9236-B2CD7A06A1EF}"
EndProject
Project("{FAE04EC0-301F-11D3-BF4B-00C04F79EFBC}") = "Eirin.gRPCServer", "src\Eirin.gRPCServer\Eirin.gRPCServer.csproj", "{6B5D1E8F-E970-445C-B62C-F5AC1DE82CE4}"
EndProject
Global
	GlobalSection(SolutionConfigurationPlatforms) = preSolution
		Debug|Any CPU = Debug|Any CPU
		Release|Any CPU = Release|Any CPU
	EndGlobalSection
	GlobalSection(ProjectConfigurationPlatforms) = postSolution
		{A77B3157-99EC-4E3E-A17B-2E7C0AE401EE}.Debug|Any CPU.ActiveCfg = Debug|Any CPU
		{A77B3157-99EC-4E3E-A17B-2E7C0AE401EE}.Debug|Any CPU.Build.0 = Debug|Any CPU
		{A77B3157-99EC-4E3E-A17B-2E7C0AE401EE}.Release|Any CPU.ActiveCfg = Release|Any CPU
		{A77B3157-99EC-4E3E-A17B-2E7C0AE401EE}.Release|Any CPU.Build.0 = Release|Any CPU
		{8CC856F9-6608-4649-9EE0-80686A255C49}.Debug|Any CPU.ActiveCfg = Debug|Any CPU
		{8CC856F9-6608-4649-9EE0-80686A255C49}.Debug|Any CPU.Build.0 = Debug|Any CPU
		{8CC856F9-6608-4649-9EE0-80686A255C49}.Release|Any CPU.ActiveCfg = Release|Any CPU
		{8CC856F9-6608-4649-9EE0-80686A255C49}.Release|Any CPU.Build.0 = Release|Any CPU
		{9EE4D28E-AFBA-4D15-852D-B442B0019770}.Debug|Any CPU.ActiveCfg = Debug|Any CPU
		{9EE4D28E-AFBA-4D15-852D-B442B0019770}.Debug|Any CPU.Build.0 = Debug|Any CPU
		{9EE4D28E-AFBA-4D15-852D-B442B0019770}.Release|Any CPU.ActiveCfg = Release|Any CPU
		{9EE4D28E-AFBA-4D15-852D-B442B0019770}.Release|Any CPU.Build.0 = Release|Any CPU
		{E8C9FA80-E845-4801-823E-6487620A209E}.Debug|Any CPU.ActiveCfg = Debug|Any CPU
		{E8C9FA80-E845-4801-823E-6487620A209E}.Debug|Any CPU.Build.0 = Debug|Any CPU
		{E8C9FA80-E845-4801-823E-6487620A209E}.Release|Any CPU.ActiveCfg = Release|Any CPU
		{E8C9FA80-E845-4801-823E-6487620A209E}.Release|Any CPU.Build.0 = Release|Any CPU
		{FED51CB6-035F-4B9E-B741-50ADF5BD29D8}.Debug|Any CPU.ActiveCfg = Debug|Any CPU
		{FED51CB6-035F-4B9E-B741-50ADF5BD29D8}.Debug|Any CPU.Build.0 = Debug|Any CPU
		{FED51CB6-035F-4B9E-B741-50ADF5BD29D8}.Release|Any CPU.ActiveCfg = Release|Any CPU
		{FED51CB6-035F-4B9E-B741-50ADF5BD29D8}.Release|Any CPU.Build.0 = Release|Any CPU
		{93701C13-8CAA-440C-9236-B2CD7A06A1EF}.Debug|Any CPU.ActiveCfg = Debug|Any CPU
		{93701C13-8CAA-440C-9236-B2CD7A06A1EF}.Debug|Any CPU.Build.0 = Debug|Any CPU
		{93701C13-8CAA-440C-9236-B2CD7A06A1EF}.Release|Any CPU.ActiveCfg = Release|Any CPU
		{93701C13-8CAA-440C-9236-B2CD7A06A1EF}.Release|Any CPU.Build.0 = Release|Any CPU
		{6B5D1E8F-E970-445C-B62C-F5AC1DE82CE4}.Debug|Any CPU.ActiveCfg = Debug|Any CPU
		{6B5D1E8F-E970-445C-B62C-F5AC1DE82CE4}.Debug|Any CPU.Build.0 = Debug|Any CPU
		{6B5D1E8F-E970-445C-B62C-F5AC1DE82CE4}.Release|Any CPU.ActiveCfg = Release|Any CPU
		{6B5D1E8F-E970-445C-B62C-F5AC1DE82CE4}.Release|Any CPU.Build.0 = Release|Any CPU
	EndGlobalSection
	GlobalSection(SolutionProperties) = preSolution
		HideSolutionNode = FALSE
	EndGlobalSection
	GlobalSection(NestedProjects) = preSolution
		{93701C13-8CAA-440C-9236-B2CD7A06A1EF} = {0C36F6FE-36D2-4E72-93EB-70FE0438B26B}
		{6B5D1E8F-E970-445C-B62C-F5AC1DE82CE4} = {0C36F6FE-36D2-4E72-93EB-70FE0438B26B}
	EndGlobalSection
	GlobalSection(ExtensibilityGlobals) = postSolution
		SolutionGuid = {A65E2AB2-3A7A-465C-A8E5-AD3936798902}
	EndGlobalSection
EndGlobal
